
Microsoft Visual Studio Solution File, Format Version 12.00
# Visual Studio 15
VisualStudioVersion = 15.0.28307.645
MinimumVisualStudioVersion = 10.0.40219.1
Project("{FAE04EC0-301F-11D3-BF4B-00C04F79EFBC}") = "EjercicioEntrevista", "EjercicioEntrevista\EjercicioEntrevista.csproj", "{36ABE135-8CBE-4E30-A77B-65982E5EC721}"
EndProject
Global
	GlobalSection(SolutionConfigurationPlatforms) = preSolution
		Debug|Any CPU = Debug|Any CPU
		Release|Any CPU = Release|Any CPU
	EndGlobalSection
	GlobalSection(ProjectConfigurationPlatforms) = postSolution
		{36ABE135-8CBE-4E30-A77B-65982E5EC721}.Debug|Any CPU.ActiveCfg = Debug|Any CPU
		{36ABE135-8CBE-4E30-A77B-65982E5EC721}.Debug|Any CPU.Build.0 = Debug|Any CPU
		{36ABE135-8CBE-4E30-A77B-65982E5EC721}.Release|Any CPU.ActiveCfg = Release|Any CPU
		{36ABE135-8CBE-4E30-A77B-65982E5EC721}.Release|Any CPU.Build.0 = Release|Any CPU
	EndGlobalSection
	GlobalSection(SolutionProperties) = preSolution
		HideSolutionNode = FALSE
	EndGlobalSection
	GlobalSection(ExtensibilityGlobals) = postSolution
		SolutionGuid = {2B22EF37-EBD1-4D34-87EB-B0DDA300556D}
	EndGlobalSection
EndGlobal
